<?xml version="1.0" encoding="UTF-8" standalone="yes" ?>
<CodeBlocks_project_file>
	<FileVersion major="1" minor="6" />
	<Project>
		<Option title="IOStormplus" />
		<Option pch_mode="2" />
		<Option compiler="gcc" />
		<Build>
			<Target title="Debug">
				<Option output="bin/Debug/IOStormplus" prefix_auto="1" extension_auto="1" />
				<Option object_output="obj/Debug/" />
				<Option type="1" />
				<Option compiler="gcc" />
				<Compiler>
					<Add option="-g" />
				</Compiler>
			</Target>
			<Target title="Release">
				<Option output="bin/Release/IOStormplus" prefix_auto="1" extension_auto="1" />
				<Option object_output="obj/Release/" />
				<Option type="1" />
				<Option compiler="gcc" />
				<Compiler>
					<Add option="-O2" />
				</Compiler>
				<Linker>
					<Add option="-s" />
				</Linker>
			</Target>
		</Build>
		<Compiler>
			<Add option="-Wall" />
			<Add option="-std=c++11" />
			<Add option="-fexceptions" />
		</Compiler>
		<Unit filename="controller.cpp" />
		<Unit filename="controller.h" />
		<Unit filename="helper.h" />
		<Unit filename="logger.h" />
		<Unit filename="rapidjson/allocators.h" />
		<Unit filename="rapidjson/cursorstreamwrapper.h" />
		<Unit filename="rapidjson/document.h" />
		<Unit filename="rapidjson/encodedstream.h" />
		<Unit filename="rapidjson/encodings.h" />
		<Unit filename="rapidjson/error/en.h" />
		<Unit filename="rapidjson/error/error.h" />
		<Unit filename="rapidjson/filereadstream.h" />
		<Unit filename="rapidjson/filewritestream.h" />
		<Unit filename="rapidjson/fwd.h" />
		<Unit filename="rapidjson/internal/biginteger.h" />
		<Unit filename="rapidjson/internal/diyfp.h" />
		<Unit filename="rapidjson/internal/dtoa.h" />
		<Unit filename="rapidjson/internal/ieee754.h" />
		<Unit filename="rapidjson/internal/itoa.h" />
		<Unit filename="rapidjson/internal/meta.h" />
		<Unit filename="rapidjson/internal/pow10.h" />
		<Unit filename="rapidjson/internal/regex.h" />
		<Unit filename="rapidjson/internal/stack.h" />
		<Unit filename="rapidjson/internal/strfunc.h" />
		<Unit filename="rapidjson/internal/strtod.h" />
		<Unit filename="rapidjson/internal/swap.h" />
		<Unit filename="rapidjson/istreamwrapper.h" />
		<Unit filename="rapidjson/memorybuffer.h" />
		<Unit filename="rapidjson/memorystream.h" />
		<Unit filename="rapidjson/msinttypes/inttypes.h" />
		<Unit filename="rapidjson/msinttypes/stdint.h" />
		<Unit filename="rapidjson/ostreamwrapper.h" />
		<Unit filename="rapidjson/pointer.h" />
		<Unit filename="rapidjson/prettywriter.h" />
		<Unit filename="rapidjson/rapidjson.h" />
		<Unit filename="rapidjson/reader.h" />
		<Unit filename="rapidjson/schema.h" />
		<Unit filename="rapidjson/stream.h" />
		<Unit filename="rapidjson/stringbuffer.h" />
		<Unit filename="rapidjson/writer.h" />
		<Extensions>
			<code_completion />
			<envvars />
			<debugger />
		</Extensions>
	</Project>
</CodeBlocks_project_file>
